
Microsoft Visual Studio Solution File, Format Version 12.00
# Visual Studio Version 16
VisualStudioVersion = 16.0.32901.82
MinimumVisualStudioVersion = 10.0.40219.1
Project("{FAE04EC0-301F-11D3-BF4B-00C04F79EFBC}") = "T9 Dz", "T9 Dz.csproj", "{D76071B3-6034-4A1E-8115-046FF6D8D941}"
EndProject
Global
	GlobalSection(SolutionConfigurationPlatforms) = preSolution
		Debug|Any CPU = Debug|Any CPU
		Release|Any CPU = Release|Any CPU
	EndGlobalSection
	GlobalSection(ProjectConfigurationPlatforms) = postSolution
		{D76071B3-6034-4A1E-8115-046FF6D8D941}.Debug|Any CPU.ActiveCfg = Debug|Any CPU
		{D76071B3-6034-4A1E-8115-046FF6D8D941}.Debug|Any CPU.Build.0 = Debug|Any CPU
		{D76071B3-6034-4A1E-8115-046FF6D8D941}.Release|Any CPU.ActiveCfg = Release|Any CPU
		{D76071B3-6034-4A1E-8115-046FF6D8D941}.Release|Any CPU.Build.0 = Release|Any CPU
	EndGlobalSection
	GlobalSection(SolutionProperties) = preSolution
		HideSolutionNode = FALSE
	EndGlobalSection
	GlobalSection(ExtensibilityGlobals) = postSolution
		SolutionGuid = {06FF1E16-2AB2-40DA-92B1-6B7D1BF9ACAD}
	EndGlobalSection
EndGlobal
