
Microsoft Visual Studio Solution File, Format Version 12.00
# Visual Studio Version 16
VisualStudioVersion = 16.0.32901.82
MinimumVisualStudioVersion = 10.0.40219.1
Project("{FAE04EC0-301F-11D3-BF4B-00C04F79EFBC}") = "LabWinForms", "LabWinForms.csproj", "{7B13F145-64B5-47B8-8DA6-7A376A320B42}"
EndProject
Global
	GlobalSection(SolutionConfigurationPlatforms) = preSolution
		Debug|Any CPU = Debug|Any CPU
		Release|Any CPU = Release|Any CPU
	EndGlobalSection
	GlobalSection(ProjectConfigurationPlatforms) = postSolution
		{7B13F145-64B5-47B8-8DA6-7A376A320B42}.Debug|Any CPU.ActiveCfg = Debug|Any CPU
		{7B13F145-64B5-47B8-8DA6-7A376A320B42}.Debug|Any CPU.Build.0 = Debug|Any CPU
		{7B13F145-64B5-47B8-8DA6-7A376A320B42}.Release|Any CPU.ActiveCfg = Release|Any CPU
		{7B13F145-64B5-47B8-8DA6-7A376A320B42}.Release|Any CPU.Build.0 = Release|Any CPU
	EndGlobalSection
	GlobalSection(SolutionProperties) = preSolution
		HideSolutionNode = FALSE
	EndGlobalSection
	GlobalSection(ExtensibilityGlobals) = postSolution
		SolutionGuid = {A9954BC6-2537-4ECC-99F8-CD9E1EDF184A}
	EndGlobalSection
EndGlobal
